
Microsoft Visual Studio Solution File, Format Version 12.00
# Visual Studio Version 17
VisualStudioVersion = 17.9.34902.65
MinimumVisualStudioVersion = 10.0.40219.1
Project("{FAE04EC0-301F-11D3-BF4B-00C04F79EFBC}") = "MajorApi", "MajorApi\MajorApi.csproj", "{50C1CDAB-279E-48B9-8233-FA8E97EEF795}"
EndProject
Global
	GlobalSection(SolutionConfigurationPlatforms) = preSolution
		Debug|Any CPU = Debug|Any CPU
		Release|Any CPU = Release|Any CPU
	EndGlobalSection
	GlobalSection(ProjectConfigurationPlatforms) = postSolution
		{50C1CDAB-279E-48B9-8233-FA8E97EEF795}.Debug|Any CPU.ActiveCfg = Debug|Any CPU
		{50C1CDAB-279E-48B9-8233-FA8E97EEF795}.Debug|Any CPU.Build.0 = Debug|Any CPU
		{50C1CDAB-279E-48B9-8233-FA8E97EEF795}.Release|Any CPU.ActiveCfg = Release|Any CPU
		{50C1CDAB-279E-48B9-8233-FA8E97EEF795}.Release|Any CPU.Build.0 = Release|Any CPU
	EndGlobalSection
	GlobalSection(SolutionProperties) = preSolution
		HideSolutionNode = FALSE
	EndGlobalSection
	GlobalSection(ExtensibilityGlobals) = postSolution
		SolutionGuid = {D5CD0032-A2F8-4682-A1AF-0AA9904AED54}
	EndGlobalSection
EndGlobal
